
Microsoft Visual Studio Solution File, Format Version 12.00
# Visual Studio Version 16
VisualStudioVersion = 16.0.31613.86
MinimumVisualStudioVersion = 10.0.40219.1
Project("{FAE04EC0-301F-11D3-BF4B-00C04F79EFBC}") = "shisrev", "shisrev\shisrev.csproj", "{8A9421A5-71D5-4942-A77E-6BBF53918C4C}"
EndProject
Global
	GlobalSection(SolutionConfigurationPlatforms) = preSolution
		Debug|Any CPU = Debug|Any CPU
		Release|Any CPU = Release|Any CPU
	EndGlobalSection
	GlobalSection(ProjectConfigurationPlatforms) = postSolution
		{8A9421A5-71D5-4942-A77E-6BBF53918C4C}.Debug|Any CPU.ActiveCfg = Debug|Any CPU
		{8A9421A5-71D5-4942-A77E-6BBF53918C4C}.Debug|Any CPU.Build.0 = Debug|Any CPU
		{8A9421A5-71D5-4942-A77E-6BBF53918C4C}.Release|Any CPU.ActiveCfg = Release|Any CPU
		{8A9421A5-71D5-4942-A77E-6BBF53918C4C}.Release|Any CPU.Build.0 = Release|Any CPU
	EndGlobalSection
	GlobalSection(SolutionProperties) = preSolution
		HideSolutionNode = FALSE
	EndGlobalSection
	GlobalSection(ExtensibilityGlobals) = postSolution
		SolutionGuid = {A79D34A0-0BE0-42C5-A0CA-EBE38A10B198}
	EndGlobalSection
EndGlobal
